<?xml version="1.0" encoding="UTF-8"?>
<Scheme
   version = "1.3">
   <BuildAction>
      <BuildActionEntries>
         <BuildActionEntry
            buildForRunning = "YES">
            <BuildableReference
               BuildableIdentifier = "primary"
               BlueprintIdentifier = "E918A9B41A52C2E9002F960F"
               BuildableName = "FlushCapacitor.app"
               BlueprintName = "FlushCapacitor"
               ReferencedContainer = "container:FlushCapacitor.xcodeproj">
            </BuildableReference>
         </BuildActionEntry>
      </BuildActionEntries>
   </BuildAction>
   <LaunchAction
      useCustomWorkingDirectory = "NO"
      buildConfiguration = "Debug">
      <BuildableProductRunnable>
         <BuildableReference
            BuildableIdentifier = "primary"
            BlueprintIdentifier = "E918A9B41A52C2E9002F960F"
            BuildableName = "FlushCapacitor.app"
            BlueprintName = "FlushCapacitor"
            ReferencedContainer = "container:FlushCapacitor.xcodeproj">
         </BuildableReference>
      </BuildableProductRunnable>
   </LaunchAction>
</Scheme>
